
Microsoft Visual Studio Solution File, Format Version 12.00
# Visual Studio Version 17
VisualStudioVersion = 17.10.35004.147
MinimumVisualStudioVersion = 10.0.40219.1
Project("{FAE04EC0-301F-11D3-BF4B-00C04F79EFBC}") = "ToDoDemo", "ToDo\ToDoDemo.csproj", "{53720C84-CF3B-47C2-A8BA-8BBECB799004}"
EndProject
Global
	GlobalSection(SolutionConfigurationPlatforms) = preSolution
		Debug|Any CPU = Debug|Any CPU
		Release|Any CPU = Release|Any CPU
	EndGlobalSection
	GlobalSection(ProjectConfigurationPlatforms) = postSolution
		{53720C84-CF3B-47C2-A8BA-8BBECB799004}.Debug|Any CPU.ActiveCfg = Debug|Any CPU
		{53720C84-CF3B-47C2-A8BA-8BBECB799004}.Debug|Any CPU.Build.0 = Debug|Any CPU
		{53720C84-CF3B-47C2-A8BA-8BBECB799004}.Release|Any CPU.ActiveCfg = Release|Any CPU
		{53720C84-CF3B-47C2-A8BA-8BBECB799004}.Release|Any CPU.Build.0 = Release|Any CPU
	EndGlobalSection
	GlobalSection(SolutionProperties) = preSolution
		HideSolutionNode = FALSE
	EndGlobalSection
	GlobalSection(ExtensibilityGlobals) = postSolution
		SolutionGuid = {2EAC383D-C607-4F8F-9887-E99C763F9A9F}
	EndGlobalSection
EndGlobal
